// !$*UTF8*$!
{
	archiveVersion = 1;
	classes = {
	};
	objectVersion = 50;
	objects = {

/* Begin PBXBuildFile section */
		093A759D20825A4300A72807 /* EmitterTests.swift in Sources */ = {isa = PBXBuildFile; fileRef = 093A759C20825A4300A72807 /* EmitterTests.swift */; };
		09626CCF20771D8700B6FE59 /* Emitter.swift in Sources */ = {isa = PBXBuildFile; fileRef = 09DE74272076C8B7001180BB /* Emitter.swift */; };
		09626CD020771D8D00B6FE59 /* ConcurrentOperation.swift in Sources */ = {isa = PBXBuildFile; fileRef = 09DE743120770D1B001180BB /* ConcurrentOperation.swift */; };
		09626CD120771D8D00B6FE59 /* NetworkRequest.swift in Sources */ = {isa = PBXBuildFile; fileRef = 09DE742F20770CEA001180BB /* NetworkRequest.swift */; };
		09626CD220771D8D00B6FE59 /* OperationQueue+Extensions.swift in Sources */ = {isa = PBXBuildFile; fileRef = 09DE742D20770BA6001180BB /* OperationQueue+Extensions.swift */; };
		09626CD320771D9200B6FE59 /* PropertyKey.swift in Sources */ = {isa = PBXBuildFile; fileRef = 09DE742B20770B00001180BB /* PropertyKey.swift */; };
		09626CD72078E11500B6FE59 /* Tracker.swift in Sources */ = {isa = PBXBuildFile; fileRef = 09626CD62078E11500B6FE59 /* Tracker.swift */; };
		09626CD92079091700B6FE59 /* SelfDescribingJSON.swift in Sources */ = {isa = PBXBuildFile; fileRef = 09626CD82079091700B6FE59 /* SelfDescribingJSON.swift */; };
		09CEF78520C9C5D0006D19B6 /* Tracker.swift in Sources */ = {isa = PBXBuildFile; fileRef = 09626CD62078E11500B6FE59 /* Tracker.swift */; };
		09CEF78720C9C5E2006D19B6 /* TrackerTests.swift in Sources */ = {isa = PBXBuildFile; fileRef = 09CEF78620C9C5E2006D19B6 /* TrackerTests.swift */; };
		09CEF78820C9D08F006D19B6 /* SelfDescribingJSON.swift in Sources */ = {isa = PBXBuildFile; fileRef = 09626CD82079091700B6FE59 /* SelfDescribingJSON.swift */; };
		09CEF78D20CB1625006D19B6 /* PlatformName.swift in Sources */ = {isa = PBXBuildFile; fileRef = 09CEF78C20CB1625006D19B6 /* PlatformName.swift */; };
		09CEF78E20CB1625006D19B6 /* PlatformName.swift in Sources */ = {isa = PBXBuildFile; fileRef = 09CEF78C20CB1625006D19B6 /* PlatformName.swift */; };
		09CEF79020CB1660006D19B6 /* EventType.swift in Sources */ = {isa = PBXBuildFile; fileRef = 09CEF78F20CB1660006D19B6 /* EventType.swift */; };
		09CEF79120CB1660006D19B6 /* EventType.swift in Sources */ = {isa = PBXBuildFile; fileRef = 09CEF78F20CB1660006D19B6 /* EventType.swift */; };
		09CEF79320CB1677006D19B6 /* SchemaDefinition.swift in Sources */ = {isa = PBXBuildFile; fileRef = 09CEF79220CB1677006D19B6 /* SchemaDefinition.swift */; };
		09CEF79420CB1677006D19B6 /* SchemaDefinition.swift in Sources */ = {isa = PBXBuildFile; fileRef = 09CEF79220CB1677006D19B6 /* SchemaDefinition.swift */; };
		09CEF79720CB290B006D19B6 /* Session.swift in Sources */ = {isa = PBXBuildFile; fileRef = 09CEF79620CB290A006D19B6 /* Session.swift */; };
		09CEF79820CB290B006D19B6 /* Session.swift in Sources */ = {isa = PBXBuildFile; fileRef = 09CEF79620CB290A006D19B6 /* Session.swift */; };
		09DE740B20768BF2001180BB /* Snowplow.framework in Frameworks */ = {isa = PBXBuildFile; fileRef = 09DE740120768BF2001180BB /* Snowplow.framework */; };
		09DE741220768BF2001180BB /* Snowplow.h in Headers */ = {isa = PBXBuildFile; fileRef = 09DE740420768BF2001180BB /* Snowplow.h */; settings = {ATTRIBUTES = (Public, ); }; };
		09DE741C2076A1CD001180BB /* Payload.swift in Sources */ = {isa = PBXBuildFile; fileRef = 09DE741B2076A1CD001180BB /* Payload.swift */; };
		09DE741D2076A1CD001180BB /* Payload.swift in Sources */ = {isa = PBXBuildFile; fileRef = 09DE741B2076A1CD001180BB /* Payload.swift */; };
		09DE74202076A9B6001180BB /* String+Extensions.swift in Sources */ = {isa = PBXBuildFile; fileRef = 09DE741F2076A9B6001180BB /* String+Extensions.swift */; };
		09DE74212076A9B6001180BB /* String+Extensions.swift in Sources */ = {isa = PBXBuildFile; fileRef = 09DE741F2076A9B6001180BB /* String+Extensions.swift */; };
		09DE74262076B381001180BB /* PayloadTests.swift in Sources */ = {isa = PBXBuildFile; fileRef = 09DE74252076B381001180BB /* PayloadTests.swift */; };
		09DE74282076C8B7001180BB /* Emitter.swift in Sources */ = {isa = PBXBuildFile; fileRef = 09DE74272076C8B7001180BB /* Emitter.swift */; };
		09DE742C20770B00001180BB /* PropertyKey.swift in Sources */ = {isa = PBXBuildFile; fileRef = 09DE742B20770B00001180BB /* PropertyKey.swift */; };
		09DE742E20770BA6001180BB /* OperationQueue+Extensions.swift in Sources */ = {isa = PBXBuildFile; fileRef = 09DE742D20770BA6001180BB /* OperationQueue+Extensions.swift */; };
		09DE743020770CEA001180BB /* NetworkRequest.swift in Sources */ = {isa = PBXBuildFile; fileRef = 09DE742F20770CEA001180BB /* NetworkRequest.swift */; };
		09DE743220770D1B001180BB /* ConcurrentOperation.swift in Sources */ = {isa = PBXBuildFile; fileRef = 09DE743120770D1B001180BB /* ConcurrentOperation.swift */; };
		09F4A5D920CEEAC60029ED40 /* URL+Extensions.swift in Sources */ = {isa = PBXBuildFile; fileRef = 09F4A5D820CEEAC60029ED40 /* URL+Extensions.swift */; };
		09F4A5DA20CEEDD00029ED40 /* URL+Extensions.swift in Sources */ = {isa = PBXBuildFile; fileRef = 09F4A5D820CEEAC60029ED40 /* URL+Extensions.swift */; };
		09F4A5DC20CEF3F40029ED40 /* SessionInfo.swift in Sources */ = {isa = PBXBuildFile; fileRef = 09F4A5DB20CEF3F40029ED40 /* SessionInfo.swift */; };
		09F4A5DD20CEF4E00029ED40 /* SessionInfo.swift in Sources */ = {isa = PBXBuildFile; fileRef = 09F4A5DB20CEF3F40029ED40 /* SessionInfo.swift */; };
/* End PBXBuildFile section */

/* Begin PBXContainerItemProxy section */
		09DE740C20768BF2001180BB /* PBXContainerItemProxy */ = {
			isa = PBXContainerItemProxy;
			containerPortal = 09DE73F820768BF2001180BB /* Project object */;
			proxyType = 1;
			remoteGlobalIDString = 09DE740020768BF2001180BB;
			remoteInfo = Snowplow;
		};
/* End PBXContainerItemProxy section */

/* Begin PBXFileReference section */
		093A759C20825A4300A72807 /* EmitterTests.swift */ = {isa = PBXFileReference; fileEncoding = 4; lastKnownFileType = sourcecode.swift; path = EmitterTests.swift; sourceTree = "<group>"; };
		09626CD62078E11500B6FE59 /* Tracker.swift */ = {isa = PBXFileReference; lastKnownFileType = sourcecode.swift; path = Tracker.swift; sourceTree = "<group>"; };
		09626CD82079091700B6FE59 /* SelfDescribingJSON.swift */ = {isa = PBXFileReference; lastKnownFileType = sourcecode.swift; path = SelfDescribingJSON.swift; sourceTree = "<group>"; };
		09CEF78620C9C5E2006D19B6 /* TrackerTests.swift */ = {isa = PBXFileReference; lastKnownFileType = sourcecode.swift; path = TrackerTests.swift; sourceTree = "<group>"; };
		09CEF78C20CB1625006D19B6 /* PlatformName.swift */ = {isa = PBXFileReference; lastKnownFileType = sourcecode.swift; path = PlatformName.swift; sourceTree = "<group>"; };
		09CEF78F20CB1660006D19B6 /* EventType.swift */ = {isa = PBXFileReference; lastKnownFileType = sourcecode.swift; path = EventType.swift; sourceTree = "<group>"; };
		09CEF79220CB1677006D19B6 /* SchemaDefinition.swift */ = {isa = PBXFileReference; lastKnownFileType = sourcecode.swift; path = SchemaDefinition.swift; sourceTree = "<group>"; };
		09CEF79620CB290A006D19B6 /* Session.swift */ = {isa = PBXFileReference; fileEncoding = 4; lastKnownFileType = sourcecode.swift; path = Session.swift; sourceTree = "<group>"; };
		09DE740120768BF2001180BB /* Snowplow.framework */ = {isa = PBXFileReference; explicitFileType = wrapper.framework; includeInIndex = 0; path = Snowplow.framework; sourceTree = BUILT_PRODUCTS_DIR; };
		09DE740420768BF2001180BB /* Snowplow.h */ = {isa = PBXFileReference; lastKnownFileType = sourcecode.c.h; path = Snowplow.h; sourceTree = "<group>"; };
		09DE740520768BF2001180BB /* Info.plist */ = {isa = PBXFileReference; lastKnownFileType = text.plist.xml; path = Info.plist; sourceTree = "<group>"; };
		09DE740A20768BF2001180BB /* SnowplowTests.xctest */ = {isa = PBXFileReference; explicitFileType = wrapper.cfbundle; includeInIndex = 0; path = SnowplowTests.xctest; sourceTree = BUILT_PRODUCTS_DIR; };
		09DE741120768BF2001180BB /* Info.plist */ = {isa = PBXFileReference; lastKnownFileType = text.plist.xml; path = Info.plist; sourceTree = "<group>"; };
		09DE741B2076A1CD001180BB /* Payload.swift */ = {isa = PBXFileReference; lastKnownFileType = sourcecode.swift; path = Payload.swift; sourceTree = "<group>"; };
		09DE741F2076A9B6001180BB /* String+Extensions.swift */ = {isa = PBXFileReference; lastKnownFileType = sourcecode.swift; path = "String+Extensions.swift"; sourceTree = "<group>"; };
		09DE74252076B381001180BB /* PayloadTests.swift */ = {isa = PBXFileReference; lastKnownFileType = sourcecode.swift; path = PayloadTests.swift; sourceTree = "<group>"; };
		09DE74272076C8B7001180BB /* Emitter.swift */ = {isa = PBXFileReference; lastKnownFileType = sourcecode.swift; path = Emitter.swift; sourceTree = "<group>"; };
		09DE742B20770B00001180BB /* PropertyKey.swift */ = {isa = PBXFileReference; lastKnownFileType = sourcecode.swift; path = PropertyKey.swift; sourceTree = "<group>"; };
		09DE742D20770BA6001180BB /* OperationQueue+Extensions.swift */ = {isa = PBXFileReference; fileEncoding = 4; lastKnownFileType = sourcecode.swift; path = "OperationQueue+Extensions.swift"; sourceTree = "<group>"; };
		09DE742F20770CEA001180BB /* NetworkRequest.swift */ = {isa = PBXFileReference; fileEncoding = 4; lastKnownFileType = sourcecode.swift; path = NetworkRequest.swift; sourceTree = "<group>"; };
		09DE743120770D1B001180BB /* ConcurrentOperation.swift */ = {isa = PBXFileReference; fileEncoding = 4; lastKnownFileType = sourcecode.swift; path = ConcurrentOperation.swift; sourceTree = "<group>"; };
		09F4A5D820CEEAC60029ED40 /* URL+Extensions.swift */ = {isa = PBXFileReference; lastKnownFileType = sourcecode.swift; path = "URL+Extensions.swift"; sourceTree = "<group>"; };
		09F4A5DB20CEF3F40029ED40 /* SessionInfo.swift */ = {isa = PBXFileReference; lastKnownFileType = sourcecode.swift; path = SessionInfo.swift; sourceTree = "<group>"; };
/* End PBXFileReference section */

/* Begin PBXFrameworksBuildPhase section */
		09DE73FD20768BF2001180BB /* Frameworks */ = {
			isa = PBXFrameworksBuildPhase;
			buildActionMask = 2147483647;
			files = (
			);
			runOnlyForDeploymentPostprocessing = 0;
		};
		09DE740720768BF2001180BB /* Frameworks */ = {
			isa = PBXFrameworksBuildPhase;
			buildActionMask = 2147483647;
			files = (
				09DE740B20768BF2001180BB /* Snowplow.framework in Frameworks */,
			);
			runOnlyForDeploymentPostprocessing = 0;
		};
/* End PBXFrameworksBuildPhase section */

/* Begin PBXGroup section */
		09CEF79520CB177B006D19B6 /* Constants */ = {
			isa = PBXGroup;
			children = (
				09CEF78F20CB1660006D19B6 /* EventType.swift */,
				09CEF78C20CB1625006D19B6 /* PlatformName.swift */,
				09DE742B20770B00001180BB /* PropertyKey.swift */,
				09CEF79220CB1677006D19B6 /* SchemaDefinition.swift */,
			);
			name = Constants;
			sourceTree = "<group>";
		};
		09DE73F720768BF2001180BB = {
			isa = PBXGroup;
			children = (
				09DE740320768BF2001180BB /* Snowplow */,
				09DE740E20768BF2001180BB /* SnowplowTests */,
				09DE740220768BF2001180BB /* Products */,
			);
			sourceTree = "<group>";
		};
		09DE740220768BF2001180BB /* Products */ = {
			isa = PBXGroup;
			children = (
				09DE740120768BF2001180BB /* Snowplow.framework */,
				09DE740A20768BF2001180BB /* SnowplowTests.xctest */,
			);
			name = Products;
			sourceTree = "<group>";
		};
		09DE740320768BF2001180BB /* Snowplow */ = {
			isa = PBXGroup;
			children = (
				09DE741E2076A9AB001180BB /* Utilities */,
				09CEF79520CB177B006D19B6 /* Constants */,
				09DE74272076C8B7001180BB /* Emitter.swift */,
				09DE741B2076A1CD001180BB /* Payload.swift */,
				09626CD82079091700B6FE59 /* SelfDescribingJSON.swift */,
				09CEF79620CB290A006D19B6 /* Session.swift */,
				09F4A5DB20CEF3F40029ED40 /* SessionInfo.swift */,
				09626CD62078E11500B6FE59 /* Tracker.swift */,
				09DE740420768BF2001180BB /* Snowplow.h */,
				09DE740520768BF2001180BB /* Info.plist */,
			);
			path = Snowplow;
			sourceTree = "<group>";
		};
		09DE740E20768BF2001180BB /* SnowplowTests */ = {
			isa = PBXGroup;
			children = (
				093A759C20825A4300A72807 /* EmitterTests.swift */,
				09DE74252076B381001180BB /* PayloadTests.swift */,
				09CEF78620C9C5E2006D19B6 /* TrackerTests.swift */,
				09DE741120768BF2001180BB /* Info.plist */,
			);
			path = SnowplowTests;
			sourceTree = "<group>";
		};
		09DE741E2076A9AB001180BB /* Utilities */ = {
			isa = PBXGroup;
			children = (
				09DE743120770D1B001180BB /* ConcurrentOperation.swift */,
				09DE742F20770CEA001180BB /* NetworkRequest.swift */,
				09DE742D20770BA6001180BB /* OperationQueue+Extensions.swift */,
				09DE741F2076A9B6001180BB /* String+Extensions.swift */,
				09F4A5D820CEEAC60029ED40 /* URL+Extensions.swift */,
			);
			name = Utilities;
			sourceTree = "<group>";
		};
/* End PBXGroup section */

/* Begin PBXHeadersBuildPhase section */
		09DE73FE20768BF2001180BB /* Headers */ = {
			isa = PBXHeadersBuildPhase;
			buildActionMask = 2147483647;
			files = (
				09DE741220768BF2001180BB /* Snowplow.h in Headers */,
			);
			runOnlyForDeploymentPostprocessing = 0;
		};
/* End PBXHeadersBuildPhase section */

/* Begin PBXNativeTarget section */
		09DE740020768BF2001180BB /* Snowplow */ = {
			isa = PBXNativeTarget;
			buildConfigurationList = 09DE741520768BF2001180BB /* Build configuration list for PBXNativeTarget "Snowplow" */;
			buildPhases = (
				09DE73FC20768BF2001180BB /* Sources */,
				09DE73FD20768BF2001180BB /* Frameworks */,
				09DE73FE20768BF2001180BB /* Headers */,
				09DE73FF20768BF2001180BB /* Resources */,
				09DE74222076AC2C001180BB /* Run Script - SwiftLint */,
			);
			buildRules = (
			);
			dependencies = (
			);
			name = Snowplow;
			productName = Snowplow;
			productReference = 09DE740120768BF2001180BB /* Snowplow.framework */;
			productType = "com.apple.product-type.framework";
		};
		09DE740920768BF2001180BB /* SnowplowTests */ = {
			isa = PBXNativeTarget;
			buildConfigurationList = 09DE741820768BF2001180BB /* Build configuration list for PBXNativeTarget "SnowplowTests" */;
			buildPhases = (
				09DE740620768BF2001180BB /* Sources */,
				09DE740720768BF2001180BB /* Frameworks */,
				09DE740820768BF2001180BB /* Resources */,
			);
			buildRules = (
			);
			dependencies = (
				09DE740D20768BF2001180BB /* PBXTargetDependency */,
			);
			name = SnowplowTests;
			productName = SnowplowTests;
			productReference = 09DE740A20768BF2001180BB /* SnowplowTests.xctest */;
			productType = "com.apple.product-type.bundle.unit-test";
		};
/* End PBXNativeTarget section */

/* Begin PBXProject section */
		09DE73F820768BF2001180BB /* Project object */ = {
			isa = PBXProject;
			attributes = {
				LastSwiftUpdateCheck = 0930;
				LastUpgradeCheck = 0930;
				ORGANIZATIONNAME = Unsplash;
				TargetAttributes = {
					09DE740020768BF2001180BB = {
						CreatedOnToolsVersion = 9.3;
						LastSwiftMigration = 0930;
					};
					09DE740920768BF2001180BB = {
						CreatedOnToolsVersion = 9.3;
					};
				};
			};
			buildConfigurationList = 09DE73FB20768BF2001180BB /* Build configuration list for PBXProject "Snowplow" */;
			compatibilityVersion = "Xcode 9.3";
			developmentRegion = en;
			hasScannedForEncodings = 0;
			knownRegions = (
				en,
			);
			mainGroup = 09DE73F720768BF2001180BB;
			productRefGroup = 09DE740220768BF2001180BB /* Products */;
			projectDirPath = "";
			projectRoot = "";
			targets = (
				09DE740020768BF2001180BB /* Snowplow */,
				09DE740920768BF2001180BB /* SnowplowTests */,
			);
		};
/* End PBXProject section */

/* Begin PBXResourcesBuildPhase section */
		09DE73FF20768BF2001180BB /* Resources */ = {
			isa = PBXResourcesBuildPhase;
			buildActionMask = 2147483647;
			files = (
			);
			runOnlyForDeploymentPostprocessing = 0;
		};
		09DE740820768BF2001180BB /* Resources */ = {
			isa = PBXResourcesBuildPhase;
			buildActionMask = 2147483647;
			files = (
			);
			runOnlyForDeploymentPostprocessing = 0;
		};
/* End PBXResourcesBuildPhase section */

/* Begin PBXShellScriptBuildPhase section */
		09DE74222076AC2C001180BB /* Run Script - SwiftLint */ = {
			isa = PBXShellScriptBuildPhase;
			buildActionMask = 2147483647;
			files = (
			);
			inputPaths = (
			);
			name = "Run Script - SwiftLint";
			outputPaths = (
			);
			runOnlyForDeploymentPostprocessing = 0;
			shellPath = /bin/sh;
			shellScript = "if which swiftlint >/dev/null; then\n  swiftlint\nelse\n  echo \"warning: SwiftLint not installed, download from https://github.com/realm/SwiftLint\"\nfi";
		};
/* End PBXShellScriptBuildPhase section */

/* Begin PBXSourcesBuildPhase section */
		09DE73FC20768BF2001180BB /* Sources */ = {
			isa = PBXSourcesBuildPhase;
			buildActionMask = 2147483647;
			files = (
				09CEF78D20CB1625006D19B6 /* PlatformName.swift in Sources */,
				09F4A5D920CEEAC60029ED40 /* URL+Extensions.swift in Sources */,
				09DE74202076A9B6001180BB /* String+Extensions.swift in Sources */,
				09DE741C2076A1CD001180BB /* Payload.swift in Sources */,
				09DE74282076C8B7001180BB /* Emitter.swift in Sources */,
				09DE743220770D1B001180BB /* ConcurrentOperation.swift in Sources */,
				09626CD72078E11500B6FE59 /* Tracker.swift in Sources */,
				09DE742C20770B00001180BB /* PropertyKey.swift in Sources */,
				09F4A5DC20CEF3F40029ED40 /* SessionInfo.swift in Sources */,
				09CEF79720CB290B006D19B6 /* Session.swift in Sources */,
				09DE743020770CEA001180BB /* NetworkRequest.swift in Sources */,
				09626CD92079091700B6FE59 /* SelfDescribingJSON.swift in Sources */,
				09CEF79320CB1677006D19B6 /* SchemaDefinition.swift in Sources */,
				09CEF79020CB1660006D19B6 /* EventType.swift in Sources */,
				09DE742E20770BA6001180BB /* OperationQueue+Extensions.swift in Sources */,
			);
			runOnlyForDeploymentPostprocessing = 0;
		};
		09DE740620768BF2001180BB /* Sources */ = {
			isa = PBXSourcesBuildPhase;
			buildActionMask = 2147483647;
			files = (
				09F4A5DA20CEEDD00029ED40 /* URL+Extensions.swift in Sources */,
				09CEF78720C9C5E2006D19B6 /* TrackerTests.swift in Sources */,
				09F4A5DD20CEF4E00029ED40 /* SessionInfo.swift in Sources */,
				09CEF79120CB1660006D19B6 /* EventType.swift in Sources */,
				09CEF78820C9D08F006D19B6 /* SelfDescribingJSON.swift in Sources */,
				09626CD120771D8D00B6FE59 /* NetworkRequest.swift in Sources */,
				09DE741D2076A1CD001180BB /* Payload.swift in Sources */,
				09CEF78520C9C5D0006D19B6 /* Tracker.swift in Sources */,
				09DE74212076A9B6001180BB /* String+Extensions.swift in Sources */,
				09626CD220771D8D00B6FE59 /* OperationQueue+Extensions.swift in Sources */,
				093A759D20825A4300A72807 /* EmitterTests.swift in Sources */,
				09626CCF20771D8700B6FE59 /* Emitter.swift in Sources */,
				09CEF79420CB1677006D19B6 /* SchemaDefinition.swift in Sources */,
				09626CD020771D8D00B6FE59 /* ConcurrentOperation.swift in Sources */,
				09CEF79820CB290B006D19B6 /* Session.swift in Sources */,
				09DE74262076B381001180BB /* PayloadTests.swift in Sources */,
				09626CD320771D9200B6FE59 /* PropertyKey.swift in Sources */,
				09CEF78E20CB1625006D19B6 /* PlatformName.swift in Sources */,
			);
			runOnlyForDeploymentPostprocessing = 0;
		};
/* End PBXSourcesBuildPhase section */

/* Begin PBXTargetDependency section */
		09DE740D20768BF2001180BB /* PBXTargetDependency */ = {
			isa = PBXTargetDependency;
			target = 09DE740020768BF2001180BB /* Snowplow */;
			targetProxy = 09DE740C20768BF2001180BB /* PBXContainerItemProxy */;
		};
/* End PBXTargetDependency section */

/* Begin XCBuildConfiguration section */
		09DE741320768BF2001180BB /* Debug */ = {
			isa = XCBuildConfiguration;
			buildSettings = {
				ALWAYS_SEARCH_USER_PATHS = NO;
				CLANG_ANALYZER_NONNULL = YES;
				CLANG_ANALYZER_NUMBER_OBJECT_CONVERSION = YES_AGGRESSIVE;
				CLANG_CXX_LANGUAGE_STANDARD = "gnu++14";
				CLANG_CXX_LIBRARY = "libc++";
				CLANG_ENABLE_MODULES = YES;
				CLANG_ENABLE_OBJC_ARC = YES;
				CLANG_ENABLE_OBJC_WEAK = YES;
				CLANG_WARN_BLOCK_CAPTURE_AUTORELEASING = YES;
				CLANG_WARN_BOOL_CONVERSION = YES;
				CLANG_WARN_COMMA = YES;
				CLANG_WARN_CONSTANT_CONVERSION = YES;
				CLANG_WARN_DEPRECATED_OBJC_IMPLEMENTATIONS = YES;
				CLANG_WARN_DIRECT_OBJC_ISA_USAGE = YES_ERROR;
				CLANG_WARN_DOCUMENTATION_COMMENTS = YES;
				CLANG_WARN_EMPTY_BODY = YES;
				CLANG_WARN_ENUM_CONVERSION = YES;
				CLANG_WARN_INFINITE_RECURSION = YES;
				CLANG_WARN_INT_CONVERSION = YES;
				CLANG_WARN_NON_LITERAL_NULL_CONVERSION = YES;
				CLANG_WARN_OBJC_IMPLICIT_RETAIN_SELF = YES;
				CLANG_WARN_OBJC_LITERAL_CONVERSION = YES;
				CLANG_WARN_OBJC_ROOT_CLASS = YES_ERROR;
				CLANG_WARN_RANGE_LOOP_ANALYSIS = YES;
				CLANG_WARN_STRICT_PROTOTYPES = YES;
				CLANG_WARN_SUSPICIOUS_MOVE = YES;
				CLANG_WARN_UNGUARDED_AVAILABILITY = YES_AGGRESSIVE;
				CLANG_WARN_UNREACHABLE_CODE = YES;
				CLANG_WARN__DUPLICATE_METHOD_MATCH = YES;
				CODE_SIGN_IDENTITY = "iPhone Developer";
				COPY_PHASE_STRIP = NO;
				CURRENT_PROJECT_VERSION = 1;
				DEBUG_INFORMATION_FORMAT = dwarf;
				ENABLE_STRICT_OBJC_MSGSEND = YES;
				ENABLE_TESTABILITY = YES;
				GCC_C_LANGUAGE_STANDARD = gnu11;
				GCC_DYNAMIC_NO_PIC = NO;
				GCC_NO_COMMON_BLOCKS = YES;
				GCC_OPTIMIZATION_LEVEL = 0;
				GCC_PREPROCESSOR_DEFINITIONS = (
					"DEBUG=1",
					"$(inherited)",
				);
				GCC_WARN_64_TO_32_BIT_CONVERSION = YES;
				GCC_WARN_ABOUT_RETURN_TYPE = YES_ERROR;
				GCC_WARN_UNDECLARED_SELECTOR = YES;
				GCC_WARN_UNINITIALIZED_AUTOS = YES_AGGRESSIVE;
				GCC_WARN_UNUSED_FUNCTION = YES;
				GCC_WARN_UNUSED_VARIABLE = YES;
				IPHONEOS_DEPLOYMENT_TARGET = 11.3;
				MTL_ENABLE_DEBUG_INFO = YES;
				ONLY_ACTIVE_ARCH = YES;
				SDKROOT = iphoneos;
				SWIFT_ACTIVE_COMPILATION_CONDITIONS = DEBUG;
				SWIFT_OPTIMIZATION_LEVEL = "-Onone";
				VERSIONING_SYSTEM = "apple-generic";
				VERSION_INFO_PREFIX = "";
			};
			name = Debug;
		};
		09DE741420768BF2001180BB /* Release */ = {
			isa = XCBuildConfiguration;
			buildSettings = {
				ALWAYS_SEARCH_USER_PATHS = NO;
				CLANG_ANALYZER_NONNULL = YES;
				CLANG_ANALYZER_NUMBER_OBJECT_CONVERSION = YES_AGGRESSIVE;
				CLANG_CXX_LANGUAGE_STANDARD = "gnu++14";
				CLANG_CXX_LIBRARY = "libc++";
				CLANG_ENABLE_MODULES = YES;
				CLANG_ENABLE_OBJC_ARC = YES;
				CLANG_ENABLE_OBJC_WEAK = YES;
				CLANG_WARN_BLOCK_CAPTURE_AUTORELEASING = YES;
				CLANG_WARN_BOOL_CONVERSION = YES;
				CLANG_WARN_COMMA = YES;
				CLANG_WARN_CONSTANT_CONVERSION = YES;
				CLANG_WARN_DEPRECATED_OBJC_IMPLEMENTATIONS = YES;
				CLANG_WARN_DIRECT_OBJC_ISA_USAGE = YES_ERROR;
				CLANG_WARN_DOCUMENTATION_COMMENTS = YES;
				CLANG_WARN_EMPTY_BODY = YES;
				CLANG_WARN_ENUM_CONVERSION = YES;
				CLANG_WARN_INFINITE_RECURSION = YES;
				CLANG_WARN_INT_CONVERSION = YES;
				CLANG_WARN_NON_LITERAL_NULL_CONVERSION = YES;
				CLANG_WARN_OBJC_IMPLICIT_RETAIN_SELF = YES;
				CLANG_WARN_OBJC_LITERAL_CONVERSION = YES;
				CLANG_WARN_OBJC_ROOT_CLASS = YES_ERROR;
				CLANG_WARN_RANGE_LOOP_ANALYSIS = YES;
				CLANG_WARN_STRICT_PROTOTYPES = YES;
				CLANG_WARN_SUSPICIOUS_MOVE = YES;
				CLANG_WARN_UNGUARDED_AVAILABILITY = YES_AGGRESSIVE;
				CLANG_WARN_UNREACHABLE_CODE = YES;
				CLANG_WARN__DUPLICATE_METHOD_MATCH = YES;
				CODE_SIGN_IDENTITY = "iPhone Developer";
				COPY_PHASE_STRIP = NO;
				CURRENT_PROJECT_VERSION = 1;
				DEBUG_INFORMATION_FORMAT = "dwarf-with-dsym";
				ENABLE_NS_ASSERTIONS = NO;
				ENABLE_STRICT_OBJC_MSGSEND = YES;
				GCC_C_LANGUAGE_STANDARD = gnu11;
				GCC_NO_COMMON_BLOCKS = YES;
				GCC_WARN_64_TO_32_BIT_CONVERSION = YES;
				GCC_WARN_ABOUT_RETURN_TYPE = YES_ERROR;
				GCC_WARN_UNDECLARED_SELECTOR = YES;
				GCC_WARN_UNINITIALIZED_AUTOS = YES_AGGRESSIVE;
				GCC_WARN_UNUSED_FUNCTION = YES;
				GCC_WARN_UNUSED_VARIABLE = YES;
				IPHONEOS_DEPLOYMENT_TARGET = 11.3;
				MTL_ENABLE_DEBUG_INFO = NO;
				SDKROOT = iphoneos;
				SWIFT_COMPILATION_MODE = wholemodule;
				SWIFT_OPTIMIZATION_LEVEL = "-O";
				VALIDATE_PRODUCT = YES;
				VERSIONING_SYSTEM = "apple-generic";
				VERSION_INFO_PREFIX = "";
			};
			name = Release;
		};
		09DE741620768BF2001180BB /* Debug */ = {
			isa = XCBuildConfiguration;
			buildSettings = {
				CLANG_ENABLE_MODULES = YES;
				CODE_SIGN_IDENTITY = "";
				CODE_SIGN_STYLE = Automatic;
				DEFINES_MODULE = YES;
				DEVELOPMENT_TEAM = Z7GT6KUQ38;
				DYLIB_COMPATIBILITY_VERSION = 1;
				DYLIB_CURRENT_VERSION = 1;
				DYLIB_INSTALL_NAME_BASE = "@rpath";
				INFOPLIST_FILE = Snowplow/Info.plist;
				INSTALL_PATH = "$(LOCAL_LIBRARY_DIR)/Frameworks";
				LD_RUNPATH_SEARCH_PATHS = (
					"$(inherited)",
					"@executable_path/Frameworks",
					"@loader_path/Frameworks",
				);
				PRODUCT_BUNDLE_IDENTIFIER = com.unsplash.Snowplow;
				PRODUCT_NAME = "$(TARGET_NAME:c99extidentifier)";
				SKIP_INSTALL = YES;
				SWIFT_OPTIMIZATION_LEVEL = "-Onone";
				SWIFT_VERSION = 4.0;
				TARGETED_DEVICE_FAMILY = "1,2";
			};
			name = Debug;
		};
		09DE741720768BF2001180BB /* Release */ = {
			isa = XCBuildConfiguration;
			buildSettings = {
				CLANG_ENABLE_MODULES = YES;
				CODE_SIGN_IDENTITY = "";
				CODE_SIGN_STYLE = Automatic;
				DEFINES_MODULE = YES;
				DEVELOPMENT_TEAM = Z7GT6KUQ38;
				DYLIB_COMPATIBILITY_VERSION = 1;
				DYLIB_CURRENT_VERSION = 1;
				DYLIB_INSTALL_NAME_BASE = "@rpath";
				INFOPLIST_FILE = Snowplow/Info.plist;
				INSTALL_PATH = "$(LOCAL_LIBRARY_DIR)/Frameworks";
				LD_RUNPATH_SEARCH_PATHS = (
					"$(inherited)",
					"@executable_path/Frameworks",
					"@loader_path/Frameworks",
				);
				PRODUCT_BUNDLE_IDENTIFIER = com.unsplash.Snowplow;
				PRODUCT_NAME = "$(TARGET_NAME:c99extidentifier)";
				SKIP_INSTALL = YES;
				SWIFT_VERSION = 4.0;
				TARGETED_DEVICE_FAMILY = "1,2";
			};
			name = Release;
		};
		09DE741920768BF2001180BB /* Debug */ = {
			isa = XCBuildConfiguration;
			buildSettings = {
				ALWAYS_EMBED_SWIFT_STANDARD_LIBRARIES = YES;
				CODE_SIGN_STYLE = Automatic;
				DEVELOPMENT_TEAM = Z7GT6KUQ38;
				INFOPLIST_FILE = SnowplowTests/Info.plist;
				LD_RUNPATH_SEARCH_PATHS = (
					"$(inherited)",
					"@executable_path/Frameworks",
					"@loader_path/Frameworks",
				);
				PRODUCT_BUNDLE_IDENTIFIER = com.unsplash.SnowplowTests;
				PRODUCT_NAME = "$(TARGET_NAME)";
				SWIFT_VERSION = 4.0;
				TARGETED_DEVICE_FAMILY = "1,2";
			};
			name = Debug;
		};
		09DE741A20768BF2001180BB /* Release */ = {
			isa = XCBuildConfiguration;
			buildSettings = {
				ALWAYS_EMBED_SWIFT_STANDARD_LIBRARIES = YES;
				CODE_SIGN_STYLE = Automatic;
				DEVELOPMENT_TEAM = Z7GT6KUQ38;
				INFOPLIST_FILE = SnowplowTests/Info.plist;
				LD_RUNPATH_SEARCH_PATHS = (
					"$(inherited)",
					"@executable_path/Frameworks",
					"@loader_path/Frameworks",
				);
				PRODUCT_BUNDLE_IDENTIFIER = com.unsplash.SnowplowTests;
				PRODUCT_NAME = "$(TARGET_NAME)";
				SWIFT_VERSION = 4.0;
				TARGETED_DEVICE_FAMILY = "1,2";
			};
			name = Release;
		};
/* End XCBuildConfiguration section */

/* Begin XCConfigurationList section */
		09DE73FB20768BF2001180BB /* Build configuration list for PBXProject "Snowplow" */ = {
			isa = XCConfigurationList;
			buildConfigurations = (
				09DE741320768BF2001180BB /* Debug */,
				09DE741420768BF2001180BB /* Release */,
			);
			defaultConfigurationIsVisible = 0;
			defaultConfigurationName = Release;
		};
		09DE741520768BF2001180BB /* Build configuration list for PBXNativeTarget "Snowplow" */ = {
			isa = XCConfigurationList;
			buildConfigurations = (
				09DE741620768BF2001180BB /* Debug */,
				09DE741720768BF2001180BB /* Release */,
			);
			defaultConfigurationIsVisible = 0;
			defaultConfigurationName = Release;
		};
		09DE741820768BF2001180BB /* Build configuration list for PBXNativeTarget "SnowplowTests" */ = {
			isa = XCConfigurationList;
			buildConfigurations = (
				09DE741920768BF2001180BB /* Debug */,
				09DE741A20768BF2001180BB /* Release */,
			);
			defaultConfigurationIsVisible = 0;
			defaultConfigurationName = Release;
		};
/* End XCConfigurationList section */
	};
	rootObject = 09DE73F820768BF2001180BB /* Project object */;
}
